
Microsoft Visual Studio Solution File, Format Version 12.00
# Visual Studio Version 17
VisualStudioVersion = 17.4.33213.308
MinimumVisualStudioVersion = 10.0.40219.1
Project("{FAE04EC0-301F-11D3-BF4B-00C04F79EFBC}") = "Source", "Source\Source.csproj", "{FD3D53C2-6378-4EFD-B353-7DB82B9EA943}"
EndProject
Global
	GlobalSection(SolutionConfigurationPlatforms) = preSolution
		Debug|Any CPU = Debug|Any CPU
		Release|Any CPU = Release|Any CPU
	EndGlobalSection
	GlobalSection(ProjectConfigurationPlatforms) = postSolution
		{FD3D53C2-6378-4EFD-B353-7DB82B9EA943}.Debug|Any CPU.ActiveCfg = Debug|Any CPU
		{FD3D53C2-6378-4EFD-B353-7DB82B9EA943}.Debug|Any CPU.Build.0 = Debug|Any CPU
		{FD3D53C2-6378-4EFD-B353-7DB82B9EA943}.Release|Any CPU.ActiveCfg = Release|Any CPU
		{FD3D53C2-6378-4EFD-B353-7DB82B9EA943}.Release|Any CPU.Build.0 = Release|Any CPU
	EndGlobalSection
	GlobalSection(SolutionProperties) = preSolution
		HideSolutionNode = FALSE
	EndGlobalSection
	GlobalSection(ExtensibilityGlobals) = postSolution
		SolutionGuid = {90D5AF40-9577-463E-89B3-A4EFA9DA2444}
	EndGlobalSection
EndGlobal
